<Solution>
  <Configurations>
    <Platform Name="x64" />
    <Platform Name="x86" />
  </Configurations>
  <Project Path="025001_HelloWorld/025001_HelloWorld.vcxproj" Id="f95827a2-6b71-4616-9ec5-7820047ca2f6" />
  <Project Path="032001_Commentary/032001_Commentary.vcxproj" Id="a85b8186-54b7-4760-beb4-1af274985444" />
</Solution>
